schema: '2.0'
stages:
  prepare:
    cmd: python src/prepare.py data/raw/creditcard.csv 
      data/processed/processed_data.pickle
    deps:
    - path: data/raw/creditcard.csv
      hash: md5
      md5: e90efcb83d69faf99fcab8b0255024de
      size: 150828752
    - path: src/prepare.py
      hash: md5
      md5: e695ac31639c2892c3484ccc44017c2f
      size: 1639
    outs:
    - path: data/processed/processed_data.pickle
      hash: md5
      md5: 661635581188fc1429d1b1222f7fce40
      size: 70633089
  train:
    cmd: python src/train.py data/processed/processed_data.pickle models
    deps:
    - path: data/processed/processed_data.pickle
      hash: md5
      md5: 661635581188fc1429d1b1222f7fce40
      size: 70633089
    - path: src/train.py
      hash: md5
      md5: f08d7b8e4e884102830fe406bead1547
      size: 8636
    outs:
    - path: models
      hash: md5
      md5: b398f3573056429082dc64aea2db6a22.dir
      size: 1801416
      nfiles: 4
